
Microsoft Visual Studio Solution File, Format Version 12.00
# Visual Studio 14
VisualStudioVersion = 14.0.25420.1
MinimumVisualStudioVersion = 10.0.40219.1
Project("{FAE04EC0-301F-11D3-BF4B-00C04F79EFBC}") = "XamEmotionDemo.Droid", "XamEmotionDemo\XamEmotionDemo.Droid\XamEmotionDemo.Droid.csproj", "{D6A2C8F5-B52D-4B14-A5F2-FCA15B2E9963}"
EndProject
Project("{FAE04EC0-301F-11D3-BF4B-00C04F79EFBC}") = "XamEmotionDemo.iOS", "XamEmotionDemo\XamEmotionDemo.iOS\XamEmotionDemo.iOS.csproj", "{8FB125F1-0BE4-4179-99DB-190198A35A5D}"
EndProject
Project("{FAE04EC0-301F-11D3-BF4B-00C04F79EFBC}") = "XamEmotionDemo.WinPhone", "XamEmotionDemo\XamEmotionDemo.WinPhone\XamEmotionDemo.WinPhone.csproj", "{E6AC96CA-8BFB-47BA-8E57-503F47B799E7}"
EndProject
Project("{FAE04EC0-301F-11D3-BF4B-00C04F79EFBC}") = "XamEmotionDemo.UWP", "XamEmotionDemo\XamEmotionDemo.UWP\XamEmotionDemo.UWP.csproj", "{E2D2355B-BAFF-402C-920F-D098F2B569AC}"
EndProject
Project("{FAE04EC0-301F-11D3-BF4B-00C04F79EFBC}") = "XamEmotionDemo.Windows", "XamEmotionDemo\XamEmotionDemo.Windows\XamEmotionDemo.Windows.csproj", "{6EE12242-6F60-4BDE-A141-FEA28D7230DB}"
EndProject
Project("{FAE04EC0-301F-11D3-BF4B-00C04F79EFBC}") = "XamEmotionDemo", "XamEmotionDemo\XamEmotionDemo\XamEmotionDemo.csproj", "{CE56D7D8-2F46-473D-BF56-2552EFD4D863}"
EndProject
Global
	GlobalSection(SolutionConfigurationPlatforms) = preSolution
		Ad-Hoc|Any CPU = Ad-Hoc|Any CPU
		Ad-Hoc|ARM = Ad-Hoc|ARM
		Ad-Hoc|iPhone = Ad-Hoc|iPhone
		Ad-Hoc|iPhoneSimulator = Ad-Hoc|iPhoneSimulator
		Ad-Hoc|x64 = Ad-Hoc|x64
		Ad-Hoc|x86 = Ad-Hoc|x86
		AppStore|Any CPU = AppStore|Any CPU
		AppStore|ARM = AppStore|ARM
		AppStore|iPhone = AppStore|iPhone
		AppStore|iPhoneSimulator = AppStore|iPhoneSimulator
		AppStore|x64 = AppStore|x64
		AppStore|x86 = AppStore|x86
		Debug|Any CPU = Debug|Any CPU
		Debug|ARM = Debug|ARM
		Debug|iPhone = Debug|iPhone
		Debug|iPhoneSimulator = Debug|iPhoneSimulator
		Debug|x64 = Debug|x64
		Debug|x86 = Debug|x86
		Release|Any CPU = Release|Any CPU
		Release|ARM = Release|ARM
		Release|iPhone = Release|iPhone
		Release|iPhoneSimulator = Release|iPhoneSimulator
		Release|x64 = Release|x64
		Release|x86 = Release|x86
	EndGlobalSection
	GlobalSection(ProjectConfigurationPlatforms) = postSolution
		{D6A2C8F5-B52D-4B14-A5F2-FCA15B2E9963}.Ad-Hoc|Any CPU.ActiveCfg = Release|Any CPU
		{D6A2C8F5-B52D-4B14-A5F2-FCA15B2E9963}.Ad-Hoc|Any CPU.Build.0 = Release|Any CPU
		{D6A2C8F5-B52D-4B14-A5F2-FCA15B2E9963}.Ad-Hoc|Any CPU.Deploy.0 = Release|Any CPU
		{D6A2C8F5-B52D-4B14-A5F2-FCA15B2E9963}.Ad-Hoc|ARM.ActiveCfg = Release|Any CPU
		{D6A2C8F5-B52D-4B14-A5F2-FCA15B2E9963}.Ad-Hoc|ARM.Build.0 = Release|Any CPU
		{D6A2C8F5-B52D-4B14-A5F2-FCA15B2E9963}.Ad-Hoc|ARM.Deploy.0 = Release|Any CPU
		{D6A2C8F5-B52D-4B14-A5F2-FCA15B2E9963}.Ad-Hoc|iPhone.ActiveCfg = Release|Any CPU
		{D6A2C8F5-B52D-4B14-A5F2-FCA15B2E9963}.Ad-Hoc|iPhone.Build.0 = Release|Any CPU
		{D6A2C8F5-B52D-4B14-A5F2-FCA15B2E9963}.Ad-Hoc|iPhone.Deploy.0 = Release|Any CPU
		{D6A2C8F5-B52D-4B14-A5F2-FCA15B2E9963}.Ad-Hoc|iPhoneSimulator.ActiveCfg = Release|Any CPU
		{D6A2C8F5-B52D-4B14-A5F2-FCA15B2E9963}.Ad-Hoc|iPhoneSimulator.Build.0 = Release|Any CPU
		{D6A2C8F5-B52D-4B14-A5F2-FCA15B2E9963}.Ad-Hoc|iPhoneSimulator.Deploy.0 = Release|Any CPU
		{D6A2C8F5-B52D-4B14-A5F2-FCA15B2E9963}.Ad-Hoc|x64.ActiveCfg = Release|Any CPU
		{D6A2C8F5-B52D-4B14-A5F2-FCA15B2E9963}.Ad-Hoc|x64.Build.0 = Release|Any CPU
		{D6A2C8F5-B52D-4B14-A5F2-FCA15B2E9963}.Ad-Hoc|x64.Deploy.0 = Release|Any CPU
		{D6A2C8F5-B52D-4B14-A5F2-FCA15B2E9963}.Ad-Hoc|x86.ActiveCfg = Release|Any CPU
		{D6A2C8F5-B52D-4B14-A5F2-FCA15B2E9963}.Ad-Hoc|x86.Build.0 = Release|Any CPU
		{D6A2C8F5-B52D-4B14-A5F2-FCA15B2E9963}.Ad-Hoc|x86.Deploy.0 = Release|Any CPU
		{D6A2C8F5-B52D-4B14-A5F2-FCA15B2E9963}.AppStore|Any CPU.ActiveCfg = Release|Any CPU
		{D6A2C8F5-B52D-4B14-A5F2-FCA15B2E9963}.AppStore|Any CPU.Build.0 = Release|Any CPU
		{D6A2C8F5-B52D-4B14-A5F2-FCA15B2E9963}.AppStore|Any CPU.Deploy.0 = Release|Any CPU
		{D6A2C8F5-B52D-4B14-A5F2-FCA15B2E9963}.AppStore|ARM.ActiveCfg = Release|Any CPU
		{D6A2C8F5-B52D-4B14-A5F2-FCA15B2E9963}.AppStore|ARM.Build.0 = Release|Any CPU
		{D6A2C8F5-B52D-4B14-A5F2-FCA15B2E9963}.AppStore|ARM.Deploy.0 = Release|Any CPU
		{D6A2C8F5-B52D-4B14-A5F2-FCA15B2E9963}.AppStore|iPhone.ActiveCfg = Release|Any CPU
		{D6A2C8F5-B52D-4B14-A5F2-FCA15B2E9963}.AppStore|iPhone.Build.0 = Release|Any CPU
		{D6A2C8F5-B52D-4B14-A5F2-FCA15B2E9963}.AppStore|iPhone.Deploy.0 = Release|Any CPU
		{D6A2C8F5-B52D-4B14-A5F2-FCA15B2E9963}.AppStore|iPhoneSimulator.ActiveCfg = Release|Any CPU
		{D6A2C8F5-B52D-4B14-A5F2-FCA15B2E9963}.AppStore|iPhoneSimulator.Build.0 = Release|Any CPU
		{D6A2C8F5-B52D-4B14-A5F2-FCA15B2E9963}.AppStore|iPhoneSimulator.Deploy.0 = Release|Any CPU
		{D6A2C8F5-B52D-4B14-A5F2-FCA15B2E9963}.AppStore|x64.ActiveCfg = Release|Any CPU
		{D6A2C8F5-B52D-4B14-A5F2-FCA15B2E9963}.AppStore|x64.Build.0 = Release|Any CPU
		{D6A2C8F5-B52D-4B14-A5F2-FCA15B2E9963}.AppStore|x64.Deploy.0 = Release|Any CPU
		{D6A2C8F5-B52D-4B14-A5F2-FCA15B2E9963}.AppStore|x86.ActiveCfg = Release|Any CPU
		{D6A2C8F5-B52D-4B14-A5F2-FCA15B2E9963}.AppStore|x86.Build.0 = Release|Any CPU
		{D6A2C8F5-B52D-4B14-A5F2-FCA15B2E9963}.AppStore|x86.Deploy.0 = Release|Any CPU
		{D6A2C8F5-B52D-4B14-A5F2-FCA15B2E9963}.Debug|Any CPU.ActiveCfg = Debug|Any CPU
		{D6A2C8F5-B52D-4B14-A5F2-FCA15B2E9963}.Debug|Any CPU.Build.0 = Debug|Any CPU
		{D6A2C8F5-B52D-4B14-A5F2-FCA15B2E9963}.Debug|Any CPU.Deploy.0 = Debug|Any CPU
		{D6A2C8F5-B52D-4B14-A5F2-FCA15B2E9963}.Debug|ARM.ActiveCfg = Debug|Any CPU
		{D6A2C8F5-B52D-4B14-A5F2-FCA15B2E9963}.Debug|ARM.Build.0 = Debug|Any CPU
		{D6A2C8F5-B52D-4B14-A5F2-FCA15B2E9963}.Debug|ARM.Deploy.0 = Debug|Any CPU
		{D6A2C8F5-B52D-4B14-A5F2-FCA15B2E9963}.Debug|iPhone.ActiveCfg = Debug|Any CPU
		{D6A2C8F5-B52D-4B14-A5F2-FCA15B2E9963}.Debug|iPhone.Build.0 = Debug|Any CPU
		{D6A2C8F5-B52D-4B14-A5F2-FCA15B2E9963}.Debug|iPhone.Deploy.0 = Debug|Any CPU
		{D6A2C8F5-B52D-4B14-A5F2-FCA15B2E9963}.Debug|iPhoneSimulator.ActiveCfg = Debug|Any CPU
		{D6A2C8F5-B52D-4B14-A5F2-FCA15B2E9963}.Debug|iPhoneSimulator.Build.0 = Debug|Any CPU
		{D6A2C8F5-B52D-4B14-A5F2-FCA15B2E9963}.Debug|iPhoneSimulator.Deploy.0 = Debug|Any CPU
		{D6A2C8F5-B52D-4B14-A5F2-FCA15B2E9963}.Debug|x64.ActiveCfg = Debug|Any CPU
		{D6A2C8F5-B52D-4B14-A5F2-FCA15B2E9963}.Debug|x64.Build.0 = Debug|Any CPU
		{D6A2C8F5-B52D-4B14-A5F2-FCA15B2E9963}.Debug|x64.Deploy.0 = Debug|Any CPU
		{D6A2C8F5-B52D-4B14-A5F2-FCA15B2E9963}.Debug|x86.ActiveCfg = Debug|Any CPU
		{D6A2C8F5-B52D-4B14-A5F2-FCA15B2E9963}.Debug|x86.Build.0 = Debug|Any CPU
		{D6A2C8F5-B52D-4B14-A5F2-FCA15B2E9963}.Debug|x86.Deploy.0 = Debug|Any CPU
		{D6A2C8F5-B52D-4B14-A5F2-FCA15B2E9963}.Release|Any CPU.ActiveCfg = Release|Any CPU
		{D6A2C8F5-B52D-4B14-A5F2-FCA15B2E9963}.Release|Any CPU.Build.0 = Release|Any CPU
		{D6A2C8F5-B52D-4B14-A5F2-FCA15B2E9963}.Release|Any CPU.Deploy.0 = Release|Any CPU
		{D6A2C8F5-B52D-4B14-A5F2-FCA15B2E9963}.Release|ARM.ActiveCfg = Release|Any CPU
		{D6A2C8F5-B52D-4B14-A5F2-FCA15B2E9963}.Release|ARM.Build.0 = Release|Any CPU
		{D6A2C8F5-B52D-4B14-A5F2-FCA15B2E9963}.Release|ARM.Deploy.0 = Release|Any CPU
		{D6A2C8F5-B52D-4B14-A5F2-FCA15B2E9963}.Release|iPhone.ActiveCfg = Release|Any CPU
		{D6A2C8F5-B52D-4B14-A5F2-FCA15B2E9963}.Release|iPhone.Build.0 = Release|Any CPU
		{D6A2C8F5-B52D-4B14-A5F2-FCA15B2E9963}.Release|iPhone.Deploy.0 = Release|Any CPU
		{D6A2C8F5-B52D-4B14-A5F2-FCA15B2E9963}.Release|iPhoneSimulator.ActiveCfg = Release|Any CPU
		{D6A2C8F5-B52D-4B14-A5F2-FCA15B2E9963}.Release|iPhoneSimulator.Build.0 = Release|Any CPU
		{D6A2C8F5-B52D-4B14-A5F2-FCA15B2E9963}.Release|iPhoneSimulator.Deploy.0 = Release|Any CPU
		{D6A2C8F5-B52D-4B14-A5F2-FCA15B2E9963}.Release|x64.ActiveCfg = Release|Any CPU
		{D6A2C8F5-B52D-4B14-A5F2-FCA15B2E9963}.Release|x64.Build.0 = Release|Any CPU
		{D6A2C8F5-B52D-4B14-A5F2-FCA15B2E9963}.Release|x64.Deploy.0 = Release|Any CPU
		{D6A2C8F5-B52D-4B14-A5F2-FCA15B2E9963}.Release|x86.ActiveCfg = Release|Any CPU
		{D6A2C8F5-B52D-4B14-A5F2-FCA15B2E9963}.Release|x86.Build.0 = Release|Any CPU
		{D6A2C8F5-B52D-4B14-A5F2-FCA15B2E9963}.Release|x86.Deploy.0 = Release|Any CPU
		{8FB125F1-0BE4-4179-99DB-190198A35A5D}.Ad-Hoc|Any CPU.ActiveCfg = Ad-Hoc|iPhone
		{8FB125F1-0BE4-4179-99DB-190198A35A5D}.Ad-Hoc|ARM.ActiveCfg = Ad-Hoc|iPhone
		{8FB125F1-0BE4-4179-99DB-190198A35A5D}.Ad-Hoc|iPhone.ActiveCfg = Ad-Hoc|iPhone
		{8FB125F1-0BE4-4179-99DB-190198A35A5D}.Ad-Hoc|iPhone.Build.0 = Ad-Hoc|iPhone
		{8FB125F1-0BE4-4179-99DB-190198A35A5D}.Ad-Hoc|iPhoneSimulator.ActiveCfg = Ad-Hoc|iPhoneSimulator
		{8FB125F1-0BE4-4179-99DB-190198A35A5D}.Ad-Hoc|iPhoneSimulator.Build.0 = Ad-Hoc|iPhoneSimulator
		{8FB125F1-0BE4-4179-99DB-190198A35A5D}.Ad-Hoc|x64.ActiveCfg = Ad-Hoc|iPhone
		{8FB125F1-0BE4-4179-99DB-190198A35A5D}.Ad-Hoc|x86.ActiveCfg = Ad-Hoc|iPhone
		{8FB125F1-0BE4-4179-99DB-190198A35A5D}.AppStore|Any CPU.ActiveCfg = AppStore|iPhone
		{8FB125F1-0BE4-4179-99DB-190198A35A5D}.AppStore|ARM.ActiveCfg = AppStore|iPhone
		{8FB125F1-0BE4-4179-99DB-190198A35A5D}.AppStore|iPhone.ActiveCfg = AppStore|iPhone
		{8FB125F1-0BE4-4179-99DB-190198A35A5D}.AppStore|iPhone.Build.0 = AppStore|iPhone
		{8FB125F1-0BE4-4179-99DB-190198A35A5D}.AppStore|iPhoneSimulator.ActiveCfg = AppStore|iPhoneSimulator
		{8FB125F1-0BE4-4179-99DB-190198A35A5D}.AppStore|iPhoneSimulator.Build.0 = AppStore|iPhoneSimulator
		{8FB125F1-0BE4-4179-99DB-190198A35A5D}.AppStore|x64.ActiveCfg = AppStore|iPhone
		{8FB125F1-0BE4-4179-99DB-190198A35A5D}.AppStore|x86.ActiveCfg = AppStore|iPhone
		{8FB125F1-0BE4-4179-99DB-190198A35A5D}.Debug|Any CPU.ActiveCfg = Debug|iPhone
		{8FB125F1-0BE4-4179-99DB-190198A35A5D}.Debug|ARM.ActiveCfg = Debug|iPhone
		{8FB125F1-0BE4-4179-99DB-190198A35A5D}.Debug|iPhone.ActiveCfg = Debug|iPhone
		{8FB125F1-0BE4-4179-99DB-190198A35A5D}.Debug|iPhone.Build.0 = Debug|iPhone
		{8FB125F1-0BE4-4179-99DB-190198A35A5D}.Debug|iPhoneSimulator.ActiveCfg = Debug|iPhoneSimulator
		{8FB125F1-0BE4-4179-99DB-190198A35A5D}.Debug|iPhoneSimulator.Build.0 = Debug|iPhoneSimulator
		{8FB125F1-0BE4-4179-99DB-190198A35A5D}.Debug|x64.ActiveCfg = Debug|iPhone
		{8FB125F1-0BE4-4179-99DB-190198A35A5D}.Debug|x86.ActiveCfg = Debug|iPhone
		{8FB125F1-0BE4-4179-99DB-190198A35A5D}.Release|Any CPU.ActiveCfg = Release|iPhone
		{8FB125F1-0BE4-4179-99DB-190198A35A5D}.Release|ARM.ActiveCfg = Release|iPhone
		{8FB125F1-0BE4-4179-99DB-190198A35A5D}.Release|iPhone.ActiveCfg = Release|iPhone
		{8FB125F1-0BE4-4179-99DB-190198A35A5D}.Release|iPhone.Build.0 = Release|iPhone
		{8FB125F1-0BE4-4179-99DB-190198A35A5D}.Release|iPhoneSimulator.ActiveCfg = Release|iPhoneSimulator
		{8FB125F1-0BE4-4179-99DB-190198A35A5D}.Release|iPhoneSimulator.Build.0 = Release|iPhoneSimulator
		{8FB125F1-0BE4-4179-99DB-190198A35A5D}.Release|x64.ActiveCfg = Release|iPhone
		{8FB125F1-0BE4-4179-99DB-190198A35A5D}.Release|x86.ActiveCfg = Release|iPhone
		{E6AC96CA-8BFB-47BA-8E57-503F47B799E7}.Ad-Hoc|Any CPU.ActiveCfg = Release|Any CPU
		{E6AC96CA-8BFB-47BA-8E57-503F47B799E7}.Ad-Hoc|Any CPU.Build.0 = Release|Any CPU
		{E6AC96CA-8BFB-47BA-8E57-503F47B799E7}.Ad-Hoc|Any CPU.Deploy.0 = Release|Any CPU
		{E6AC96CA-8BFB-47BA-8E57-503F47B799E7}.Ad-Hoc|ARM.ActiveCfg = Release|ARM
		{E6AC96CA-8BFB-47BA-8E57-503F47B799E7}.Ad-Hoc|ARM.Build.0 = Release|ARM
		{E6AC96CA-8BFB-47BA-8E57-503F47B799E7}.Ad-Hoc|ARM.Deploy.0 = Release|ARM
		{E6AC96CA-8BFB-47BA-8E57-503F47B799E7}.Ad-Hoc|iPhone.ActiveCfg = Release|Any CPU
		{E6AC96CA-8BFB-47BA-8E57-503F47B799E7}.Ad-Hoc|iPhone.Build.0 = Release|Any CPU
		{E6AC96CA-8BFB-47BA-8E57-503F47B799E7}.Ad-Hoc|iPhone.Deploy.0 = Release|Any CPU
		{E6AC96CA-8BFB-47BA-8E57-503F47B799E7}.Ad-Hoc|iPhoneSimulator.ActiveCfg = Release|Any CPU
		{E6AC96CA-8BFB-47BA-8E57-503F47B799E7}.Ad-Hoc|iPhoneSimulator.Build.0 = Release|Any CPU
		{E6AC96CA-8BFB-47BA-8E57-503F47B799E7}.Ad-Hoc|iPhoneSimulator.Deploy.0 = Release|Any CPU
		{E6AC96CA-8BFB-47BA-8E57-503F47B799E7}.Ad-Hoc|x64.ActiveCfg = Release|Any CPU
		{E6AC96CA-8BFB-47BA-8E57-503F47B799E7}.Ad-Hoc|x64.Build.0 = Release|Any CPU
		{E6AC96CA-8BFB-47BA-8E57-503F47B799E7}.Ad-Hoc|x64.Deploy.0 = Release|Any CPU
		{E6AC96CA-8BFB-47BA-8E57-503F47B799E7}.Ad-Hoc|x86.ActiveCfg = Release|x86
		{E6AC96CA-8BFB-47BA-8E57-503F47B799E7}.Ad-Hoc|x86.Build.0 = Release|x86
		{E6AC96CA-8BFB-47BA-8E57-503F47B799E7}.Ad-Hoc|x86.Deploy.0 = Release|x86
		{E6AC96CA-8BFB-47BA-8E57-503F47B799E7}.AppStore|Any CPU.ActiveCfg = Release|Any CPU
		{E6AC96CA-8BFB-47BA-8E57-503F47B799E7}.AppStore|Any CPU.Build.0 = Release|Any CPU
		{E6AC96CA-8BFB-47BA-8E57-503F47B799E7}.AppStore|Any CPU.Deploy.0 = Release|Any CPU
		{E6AC96CA-8BFB-47BA-8E57-503F47B799E7}.AppStore|ARM.ActiveCfg = Release|ARM
		{E6AC96CA-8BFB-47BA-8E57-503F47B799E7}.AppStore|ARM.Build.0 = Release|ARM
		{E6AC96CA-8BFB-47BA-8E57-503F47B799E7}.AppStore|ARM.Deploy.0 = Release|ARM
		{E6AC96CA-8BFB-47BA-8E57-503F47B799E7}.AppStore|iPhone.ActiveCfg = Release|Any CPU
		{E6AC96CA-8BFB-47BA-8E57-503F47B799E7}.AppStore|iPhone.Build.0 = Release|Any CPU
		{E6AC96CA-8BFB-47BA-8E57-503F47B799E7}.AppStore|iPhone.Deploy.0 = Release|Any CPU
		{E6AC96CA-8BFB-47BA-8E57-503F47B799E7}.AppStore|iPhoneSimulator.ActiveCfg = Release|Any CPU
		{E6AC96CA-8BFB-47BA-8E57-503F47B799E7}.AppStore|iPhoneSimulator.Build.0 = Release|Any CPU
		{E6AC96CA-8BFB-47BA-8E57-503F47B799E7}.AppStore|iPhoneSimulator.Deploy.0 = Release|Any CPU
		{E6AC96CA-8BFB-47BA-8E57-503F47B799E7}.AppStore|x64.ActiveCfg = Release|Any CPU
		{E6AC96CA-8BFB-47BA-8E57-503F47B799E7}.AppStore|x64.Build.0 = Release|Any CPU
		{E6AC96CA-8BFB-47BA-8E57-503F47B799E7}.AppStore|x64.Deploy.0 = Release|Any CPU
		{E6AC96CA-8BFB-47BA-8E57-503F47B799E7}.AppStore|x86.ActiveCfg = Release|x86
		{E6AC96CA-8BFB-47BA-8E57-503F47B799E7}.AppStore|x86.Build.0 = Release|x86
		{E6AC96CA-8BFB-47BA-8E57-503F47B799E7}.AppStore|x86.Deploy.0 = Release|x86
		{E6AC96CA-8BFB-47BA-8E57-503F47B799E7}.Debug|Any CPU.ActiveCfg = Debug|Any CPU
		{E6AC96CA-8BFB-47BA-8E57-503F47B799E7}.Debug|Any CPU.Build.0 = Debug|Any CPU
		{E6AC96CA-8BFB-47BA-8E57-503F47B799E7}.Debug|Any CPU.Deploy.0 = Debug|Any CPU
		{E6AC96CA-8BFB-47BA-8E57-503F47B799E7}.Debug|ARM.ActiveCfg = Debug|ARM
		{E6AC96CA-8BFB-47BA-8E57-503F47B799E7}.Debug|ARM.Build.0 = Debug|ARM
		{E6AC96CA-8BFB-47BA-8E57-503F47B799E7}.Debug|ARM.Deploy.0 = Debug|ARM
		{E6AC96CA-8BFB-47BA-8E57-503F47B799E7}.Debug|iPhone.ActiveCfg = Debug|Any CPU
		{E6AC96CA-8BFB-47BA-8E57-503F47B799E7}.Debug|iPhone.Build.0 = Debug|Any CPU
		{E6AC96CA-8BFB-47BA-8E57-503F47B799E7}.Debug|iPhone.Deploy.0 = Debug|Any CPU
		{E6AC96CA-8BFB-47BA-8E57-503F47B799E7}.Debug|iPhoneSimulator.ActiveCfg = Debug|Any CPU
		{E6AC96CA-8BFB-47BA-8E57-503F47B799E7}.Debug|iPhoneSimulator.Build.0 = Debug|Any CPU
		{E6AC96CA-8BFB-47BA-8E57-503F47B799E7}.Debug|iPhoneSimulator.Deploy.0 = Debug|Any CPU
		{E6AC96CA-8BFB-47BA-8E57-503F47B799E7}.Debug|x64.ActiveCfg = Debug|Any CPU
		{E6AC96CA-8BFB-47BA-8E57-503F47B799E7}.Debug|x64.Build.0 = Debug|Any CPU
		{E6AC96CA-8BFB-47BA-8E57-503F47B799E7}.Debug|x64.Deploy.0 = Debug|Any CPU
		{E6AC96CA-8BFB-47BA-8E57-503F47B799E7}.Debug|x86.ActiveCfg = Debug|x86
		{E6AC96CA-8BFB-47BA-8E57-503F47B799E7}.Debug|x86.Build.0 = Debug|x86
		{E6AC96CA-8BFB-47BA-8E57-503F47B799E7}.Debug|x86.Deploy.0 = Debug|x86
		{E6AC96CA-8BFB-47BA-8E57-503F47B799E7}.Release|Any CPU.ActiveCfg = Release|Any CPU
		{E6AC96CA-8BFB-47BA-8E57-503F47B799E7}.Release|Any CPU.Build.0 = Release|Any CPU
		{E6AC96CA-8BFB-47BA-8E57-503F47B799E7}.Release|Any CPU.Deploy.0 = Release|Any CPU
		{E6AC96CA-8BFB-47BA-8E57-503F47B799E7}.Release|ARM.ActiveCfg = Release|ARM
		{E6AC96CA-8BFB-47BA-8E57-503F47B799E7}.Release|ARM.Build.0 = Release|ARM
		{E6AC96CA-8BFB-47BA-8E57-503F47B799E7}.Release|ARM.Deploy.0 = Release|ARM
		{E6AC96CA-8BFB-47BA-8E57-503F47B799E7}.Release|iPhone.ActiveCfg = Release|Any CPU
		{E6AC96CA-8BFB-47BA-8E57-503F47B799E7}.Release|iPhone.Build.0 = Release|Any CPU
		{E6AC96CA-8BFB-47BA-8E57-503F47B799E7}.Release|iPhone.Deploy.0 = Release|Any CPU
		{E6AC96CA-8BFB-47BA-8E57-503F47B799E7}.Release|iPhoneSimulator.ActiveCfg = Release|Any CPU
		{E6AC96CA-8BFB-47BA-8E57-503F47B799E7}.Release|iPhoneSimulator.Build.0 = Release|Any CPU
		{E6AC96CA-8BFB-47BA-8E57-503F47B799E7}.Release|iPhoneSimulator.Deploy.0 = Release|Any CPU
		{E6AC96CA-8BFB-47BA-8E57-503F47B799E7}.Release|x64.ActiveCfg = Release|Any CPU
		{E6AC96CA-8BFB-47BA-8E57-503F47B799E7}.Release|x64.Build.0 = Release|Any CPU
		{E6AC96CA-8BFB-47BA-8E57-503F47B799E7}.Release|x64.Deploy.0 = Release|Any CPU
		{E6AC96CA-8BFB-47BA-8E57-503F47B799E7}.Release|x86.ActiveCfg = Release|x86
		{E6AC96CA-8BFB-47BA-8E57-503F47B799E7}.Release|x86.Build.0 = Release|x86
		{E6AC96CA-8BFB-47BA-8E57-503F47B799E7}.Release|x86.Deploy.0 = Release|x86
		{E2D2355B-BAFF-402C-920F-D098F2B569AC}.Ad-Hoc|Any CPU.ActiveCfg = Release|x86
		{E2D2355B-BAFF-402C-920F-D098F2B569AC}.Ad-Hoc|Any CPU.Build.0 = Release|x86
		{E2D2355B-BAFF-402C-920F-D098F2B569AC}.Ad-Hoc|Any CPU.Deploy.0 = Release|x86
		{E2D2355B-BAFF-402C-920F-D098F2B569AC}.Ad-Hoc|ARM.ActiveCfg = Release|ARM
		{E2D2355B-BAFF-402C-920F-D098F2B569AC}.Ad-Hoc|ARM.Build.0 = Release|ARM
		{E2D2355B-BAFF-402C-920F-D098F2B569AC}.Ad-Hoc|ARM.Deploy.0 = Release|ARM
		{E2D2355B-BAFF-402C-920F-D098F2B569AC}.Ad-Hoc|iPhone.ActiveCfg = Release|x86
		{E2D2355B-BAFF-402C-920F-D098F2B569AC}.Ad-Hoc|iPhone.Build.0 = Release|x86
		{E2D2355B-BAFF-402C-920F-D098F2B569AC}.Ad-Hoc|iPhone.Deploy.0 = Release|x86
		{E2D2355B-BAFF-402C-920F-D098F2B569AC}.Ad-Hoc|iPhoneSimulator.ActiveCfg = Release|x86
		{E2D2355B-BAFF-402C-920F-D098F2B569AC}.Ad-Hoc|iPhoneSimulator.Build.0 = Release|x86
		{E2D2355B-BAFF-402C-920F-D098F2B569AC}.Ad-Hoc|iPhoneSimulator.Deploy.0 = Release|x86
		{E2D2355B-BAFF-402C-920F-D098F2B569AC}.Ad-Hoc|x64.ActiveCfg = Release|x64
		{E2D2355B-BAFF-402C-920F-D098F2B569AC}.Ad-Hoc|x64.Build.0 = Release|x64
		{E2D2355B-BAFF-402C-920F-D098F2B569AC}.Ad-Hoc|x64.Deploy.0 = Release|x64
		{E2D2355B-BAFF-402C-920F-D098F2B569AC}.Ad-Hoc|x86.ActiveCfg = Release|x86
		{E2D2355B-BAFF-402C-920F-D098F2B569AC}.Ad-Hoc|x86.Build.0 = Release|x86
		{E2D2355B-BAFF-402C-920F-D098F2B569AC}.Ad-Hoc|x86.Deploy.0 = Release|x86
		{E2D2355B-BAFF-402C-920F-D098F2B569AC}.AppStore|Any CPU.ActiveCfg = Release|x86
		{E2D2355B-BAFF-402C-920F-D098F2B569AC}.AppStore|Any CPU.Build.0 = Release|x86
		{E2D2355B-BAFF-402C-920F-D098F2B569AC}.AppStore|Any CPU.Deploy.0 = Release|x86
		{E2D2355B-BAFF-402C-920F-D098F2B569AC}.AppStore|ARM.ActiveCfg = Release|ARM
		{E2D2355B-BAFF-402C-920F-D098F2B569AC}.AppStore|ARM.Build.0 = Release|ARM
		{E2D2355B-BAFF-402C-920F-D098F2B569AC}.AppStore|ARM.Deploy.0 = Release|ARM
		{E2D2355B-BAFF-402C-920F-D098F2B569AC}.AppStore|iPhone.ActiveCfg = Release|x86
		{E2D2355B-BAFF-402C-920F-D098F2B569AC}.AppStore|iPhone.Build.0 = Release|x86
		{E2D2355B-BAFF-402C-920F-D098F2B569AC}.AppStore|iPhone.Deploy.0 = Release|x86
		{E2D2355B-BAFF-402C-920F-D098F2B569AC}.AppStore|iPhoneSimulator.ActiveCfg = Release|x86
		{E2D2355B-BAFF-402C-920F-D098F2B569AC}.AppStore|iPhoneSimulator.Build.0 = Release|x86
		{E2D2355B-BAFF-402C-920F-D098F2B569AC}.AppStore|iPhoneSimulator.Deploy.0 = Release|x86
		{E2D2355B-BAFF-402C-920F-D098F2B569AC}.AppStore|x64.ActiveCfg = Release|x64
		{E2D2355B-BAFF-402C-920F-D098F2B569AC}.AppStore|x64.Build.0 = Release|x64
		{E2D2355B-BAFF-402C-920F-D098F2B569AC}.AppStore|x64.Deploy.0 = Release|x64
		{E2D2355B-BAFF-402C-920F-D098F2B569AC}.AppStore|x86.ActiveCfg = Release|x86
		{E2D2355B-BAFF-402C-920F-D098F2B569AC}.AppStore|x86.Build.0 = Release|x86
		{E2D2355B-BAFF-402C-920F-D098F2B569AC}.AppStore|x86.Deploy.0 = Release|x86
		{E2D2355B-BAFF-402C-920F-D098F2B569AC}.Debug|Any CPU.ActiveCfg = Debug|x86
		{E2D2355B-BAFF-402C-920F-D098F2B569AC}.Debug|ARM.ActiveCfg = Debug|ARM
		{E2D2355B-BAFF-402C-920F-D098F2B569AC}.Debug|ARM.Build.0 = Debug|ARM
		{E2D2355B-BAFF-402C-920F-D098F2B569AC}.Debug|ARM.Deploy.0 = Debug|ARM
		{E2D2355B-BAFF-402C-920F-D098F2B569AC}.Debug|iPhone.ActiveCfg = Debug|x86
		{E2D2355B-BAFF-402C-920F-D098F2B569AC}.Debug|iPhoneSimulator.ActiveCfg = Debug|x86
		{E2D2355B-BAFF-402C-920F-D098F2B569AC}.Debug|x64.ActiveCfg = Debug|x64
		{E2D2355B-BAFF-402C-920F-D098F2B569AC}.Debug|x64.Build.0 = Debug|x64
		{E2D2355B-BAFF-402C-920F-D098F2B569AC}.Debug|x64.Deploy.0 = Debug|x64
		{E2D2355B-BAFF-402C-920F-D098F2B569AC}.Debug|x86.ActiveCfg = Debug|x86
		{E2D2355B-BAFF-402C-920F-D098F2B569AC}.Debug|x86.Build.0 = Debug|x86
		{E2D2355B-BAFF-402C-920F-D098F2B569AC}.Debug|x86.Deploy.0 = Debug|x86
		{E2D2355B-BAFF-402C-920F-D098F2B569AC}.Release|Any CPU.ActiveCfg = Release|x86
		{E2D2355B-BAFF-402C-920F-D098F2B569AC}.Release|ARM.ActiveCfg = Release|ARM
		{E2D2355B-BAFF-402C-920F-D098F2B569AC}.Release|ARM.Build.0 = Release|ARM
		{E2D2355B-BAFF-402C-920F-D098F2B569AC}.Release|ARM.Deploy.0 = Release|ARM
		{E2D2355B-BAFF-402C-920F-D098F2B569AC}.Release|iPhone.ActiveCfg = Release|x86
		{E2D2355B-BAFF-402C-920F-D098F2B569AC}.Release|iPhoneSimulator.ActiveCfg = Release|x86
		{E2D2355B-BAFF-402C-920F-D098F2B569AC}.Release|x64.ActiveCfg = Release|x64
		{E2D2355B-BAFF-402C-920F-D098F2B569AC}.Release|x64.Build.0 = Release|x64
		{E2D2355B-BAFF-402C-920F-D098F2B569AC}.Release|x64.Deploy.0 = Release|x64
		{E2D2355B-BAFF-402C-920F-D098F2B569AC}.Release|x86.ActiveCfg = Release|x86
		{E2D2355B-BAFF-402C-920F-D098F2B569AC}.Release|x86.Build.0 = Release|x86
		{E2D2355B-BAFF-402C-920F-D098F2B569AC}.Release|x86.Deploy.0 = Release|x86
		{6EE12242-6F60-4BDE-A141-FEA28D7230DB}.Ad-Hoc|Any CPU.ActiveCfg = Release|Any CPU
		{6EE12242-6F60-4BDE-A141-FEA28D7230DB}.Ad-Hoc|Any CPU.Build.0 = Release|Any CPU
		{6EE12242-6F60-4BDE-A141-FEA28D7230DB}.Ad-Hoc|Any CPU.Deploy.0 = Release|Any CPU
		{6EE12242-6F60-4BDE-A141-FEA28D7230DB}.Ad-Hoc|ARM.ActiveCfg = Release|ARM
		{6EE12242-6F60-4BDE-A141-FEA28D7230DB}.Ad-Hoc|ARM.Build.0 = Release|ARM
		{6EE12242-6F60-4BDE-A141-FEA28D7230DB}.Ad-Hoc|ARM.Deploy.0 = Release|ARM
		{6EE12242-6F60-4BDE-A141-FEA28D7230DB}.Ad-Hoc|iPhone.ActiveCfg = Release|Any CPU
		{6EE12242-6F60-4BDE-A141-FEA28D7230DB}.Ad-Hoc|iPhone.Build.0 = Release|Any CPU
		{6EE12242-6F60-4BDE-A141-FEA28D7230DB}.Ad-Hoc|iPhone.Deploy.0 = Release|Any CPU
		{6EE12242-6F60-4BDE-A141-FEA28D7230DB}.Ad-Hoc|iPhoneSimulator.ActiveCfg = Release|Any CPU
		{6EE12242-6F60-4BDE-A141-FEA28D7230DB}.Ad-Hoc|iPhoneSimulator.Build.0 = Release|Any CPU
		{6EE12242-6F60-4BDE-A141-FEA28D7230DB}.Ad-Hoc|iPhoneSimulator.Deploy.0 = Release|Any CPU
		{6EE12242-6F60-4BDE-A141-FEA28D7230DB}.Ad-Hoc|x64.ActiveCfg = Release|x64
		{6EE12242-6F60-4BDE-A141-FEA28D7230DB}.Ad-Hoc|x64.Build.0 = Release|x64
		{6EE12242-6F60-4BDE-A141-FEA28D7230DB}.Ad-Hoc|x64.Deploy.0 = Release|x64
		{6EE12242-6F60-4BDE-A141-FEA28D7230DB}.Ad-Hoc|x86.ActiveCfg = Release|x86
		{6EE12242-6F60-4BDE-A141-FEA28D7230DB}.Ad-Hoc|x86.Build.0 = Release|x86
		{6EE12242-6F60-4BDE-A141-FEA28D7230DB}.Ad-Hoc|x86.Deploy.0 = Release|x86
		{6EE12242-6F60-4BDE-A141-FEA28D7230DB}.AppStore|Any CPU.ActiveCfg = Release|Any CPU
		{6EE12242-6F60-4BDE-A141-FEA28D7230DB}.AppStore|Any CPU.Build.0 = Release|Any CPU
		{6EE12242-6F60-4BDE-A141-FEA28D7230DB}.AppStore|Any CPU.Deploy.0 = Release|Any CPU
		{6EE12242-6F60-4BDE-A141-FEA28D7230DB}.AppStore|ARM.ActiveCfg = Release|ARM
		{6EE12242-6F60-4BDE-A141-FEA28D7230DB}.AppStore|ARM.Build.0 = Release|ARM
		{6EE12242-6F60-4BDE-A141-FEA28D7230DB}.AppStore|ARM.Deploy.0 = Release|ARM
		{6EE12242-6F60-4BDE-A141-FEA28D7230DB}.AppStore|iPhone.ActiveCfg = Release|Any CPU
		{6EE12242-6F60-4BDE-A141-FEA28D7230DB}.AppStore|iPhone.Build.0 = Release|Any CPU
		{6EE12242-6F60-4BDE-A141-FEA28D7230DB}.AppStore|iPhone.Deploy.0 = Release|Any CPU
		{6EE12242-6F60-4BDE-A141-FEA28D7230DB}.AppStore|iPhoneSimulator.ActiveCfg = Release|Any CPU
		{6EE12242-6F60-4BDE-A141-FEA28D7230DB}.AppStore|iPhoneSimulator.Build.0 = Release|Any CPU
		{6EE12242-6F60-4BDE-A141-FEA28D7230DB}.AppStore|iPhoneSimulator.Deploy.0 = Release|Any CPU
		{6EE12242-6F60-4BDE-A141-FEA28D7230DB}.AppStore|x64.ActiveCfg = Release|x64
		{6EE12242-6F60-4BDE-A141-FEA28D7230DB}.AppStore|x64.Build.0 = Release|x64
		{6EE12242-6F60-4BDE-A141-FEA28D7230DB}.AppStore|x64.Deploy.0 = Release|x64
		{6EE12242-6F60-4BDE-A141-FEA28D7230DB}.AppStore|x86.ActiveCfg = Release|x86
		{6EE12242-6F60-4BDE-A141-FEA28D7230DB}.AppStore|x86.Build.0 = Release|x86
		{6EE12242-6F60-4BDE-A141-FEA28D7230DB}.AppStore|x86.Deploy.0 = Release|x86
		{6EE12242-6F60-4BDE-A141-FEA28D7230DB}.Debug|Any CPU.ActiveCfg = Debug|Any CPU
		{6EE12242-6F60-4BDE-A141-FEA28D7230DB}.Debug|Any CPU.Build.0 = Debug|Any CPU
		{6EE12242-6F60-4BDE-A141-FEA28D7230DB}.Debug|Any CPU.Deploy.0 = Debug|Any CPU
		{6EE12242-6F60-4BDE-A141-FEA28D7230DB}.Debug|ARM.ActiveCfg = Debug|ARM
		{6EE12242-6F60-4BDE-A141-FEA28D7230DB}.Debug|ARM.Build.0 = Debug|ARM
		{6EE12242-6F60-4BDE-A141-FEA28D7230DB}.Debug|ARM.Deploy.0 = Debug|ARM
		{6EE12242-6F60-4BDE-A141-FEA28D7230DB}.Debug|iPhone.ActiveCfg = Debug|Any CPU
		{6EE12242-6F60-4BDE-A141-FEA28D7230DB}.Debug|iPhone.Build.0 = Debug|Any CPU
		{6EE12242-6F60-4BDE-A141-FEA28D7230DB}.Debug|iPhone.Deploy.0 = Debug|Any CPU
		{6EE12242-6F60-4BDE-A141-FEA28D7230DB}.Debug|iPhoneSimulator.ActiveCfg = Debug|Any CPU
		{6EE12242-6F60-4BDE-A141-FEA28D7230DB}.Debug|iPhoneSimulator.Build.0 = Debug|Any CPU
		{6EE12242-6F60-4BDE-A141-FEA28D7230DB}.Debug|iPhoneSimulator.Deploy.0 = Debug|Any CPU
		{6EE12242-6F60-4BDE-A141-FEA28D7230DB}.Debug|x64.ActiveCfg = Debug|x64
		{6EE12242-6F60-4BDE-A141-FEA28D7230DB}.Debug|x64.Build.0 = Debug|x64
		{6EE12242-6F60-4BDE-A141-FEA28D7230DB}.Debug|x64.Deploy.0 = Debug|x64
		{6EE12242-6F60-4BDE-A141-FEA28D7230DB}.Debug|x86.ActiveCfg = Debug|x86
		{6EE12242-6F60-4BDE-A141-FEA28D7230DB}.Debug|x86.Build.0 = Debug|x86
		{6EE12242-6F60-4BDE-A141-FEA28D7230DB}.Debug|x86.Deploy.0 = Debug|x86
		{6EE12242-6F60-4BDE-A141-FEA28D7230DB}.Release|Any CPU.ActiveCfg = Release|Any CPU
		{6EE12242-6F60-4BDE-A141-FEA28D7230DB}.Release|Any CPU.Build.0 = Release|Any CPU
		{6EE12242-6F60-4BDE-A141-FEA28D7230DB}.Release|Any CPU.Deploy.0 = Release|Any CPU
		{6EE12242-6F60-4BDE-A141-FEA28D7230DB}.Release|ARM.ActiveCfg = Release|ARM
		{6EE12242-6F60-4BDE-A141-FEA28D7230DB}.Release|ARM.Build.0 = Release|ARM
		{6EE12242-6F60-4BDE-A141-FEA28D7230DB}.Release|ARM.Deploy.0 = Release|ARM
		{6EE12242-6F60-4BDE-A141-FEA28D7230DB}.Release|iPhone.ActiveCfg = Release|Any CPU
		{6EE12242-6F60-4BDE-A141-FEA28D7230DB}.Release|iPhone.Build.0 = Release|Any CPU
		{6EE12242-6F60-4BDE-A141-FEA28D7230DB}.Release|iPhone.Deploy.0 = Release|Any CPU
		{6EE12242-6F60-4BDE-A141-FEA28D7230DB}.Release|iPhoneSimulator.ActiveCfg = Release|Any CPU
		{6EE12242-6F60-4BDE-A141-FEA28D7230DB}.Release|iPhoneSimulator.Build.0 = Release|Any CPU
		{6EE12242-6F60-4BDE-A141-FEA28D7230DB}.Release|iPhoneSimulator.Deploy.0 = Release|Any CPU
		{6EE12242-6F60-4BDE-A141-FEA28D7230DB}.Release|x64.ActiveCfg = Release|x64
		{6EE12242-6F60-4BDE-A141-FEA28D7230DB}.Release|x64.Build.0 = Release|x64
		{6EE12242-6F60-4BDE-A141-FEA28D7230DB}.Release|x64.Deploy.0 = Release|x64
		{6EE12242-6F60-4BDE-A141-FEA28D7230DB}.Release|x86.ActiveCfg = Release|x86
		{6EE12242-6F60-4BDE-A141-FEA28D7230DB}.Release|x86.Build.0 = Release|x86
		{6EE12242-6F60-4BDE-A141-FEA28D7230DB}.Release|x86.Deploy.0 = Release|x86
		{CE56D7D8-2F46-473D-BF56-2552EFD4D863}.Ad-Hoc|Any CPU.ActiveCfg = Release|Any CPU
		{CE56D7D8-2F46-473D-BF56-2552EFD4D863}.Ad-Hoc|Any CPU.Build.0 = Release|Any CPU
		{CE56D7D8-2F46-473D-BF56-2552EFD4D863}.Ad-Hoc|ARM.ActiveCfg = Release|Any CPU
		{CE56D7D8-2F46-473D-BF56-2552EFD4D863}.Ad-Hoc|ARM.Build.0 = Release|Any CPU
		{CE56D7D8-2F46-473D-BF56-2552EFD4D863}.Ad-Hoc|iPhone.ActiveCfg = Release|Any CPU
		{CE56D7D8-2F46-473D-BF56-2552EFD4D863}.Ad-Hoc|iPhone.Build.0 = Release|Any CPU
		{CE56D7D8-2F46-473D-BF56-2552EFD4D863}.Ad-Hoc|iPhoneSimulator.ActiveCfg = Release|Any CPU
		{CE56D7D8-2F46-473D-BF56-2552EFD4D863}.Ad-Hoc|iPhoneSimulator.Build.0 = Release|Any CPU
		{CE56D7D8-2F46-473D-BF56-2552EFD4D863}.Ad-Hoc|x64.ActiveCfg = Release|Any CPU
		{CE56D7D8-2F46-473D-BF56-2552EFD4D863}.Ad-Hoc|x64.Build.0 = Release|Any CPU
		{CE56D7D8-2F46-473D-BF56-2552EFD4D863}.Ad-Hoc|x86.ActiveCfg = Release|Any CPU
		{CE56D7D8-2F46-473D-BF56-2552EFD4D863}.Ad-Hoc|x86.Build.0 = Release|Any CPU
		{CE56D7D8-2F46-473D-BF56-2552EFD4D863}.AppStore|Any CPU.ActiveCfg = Release|Any CPU
		{CE56D7D8-2F46-473D-BF56-2552EFD4D863}.AppStore|Any CPU.Build.0 = Release|Any CPU
		{CE56D7D8-2F46-473D-BF56-2552EFD4D863}.AppStore|ARM.ActiveCfg = Release|Any CPU
		{CE56D7D8-2F46-473D-BF56-2552EFD4D863}.AppStore|ARM.Build.0 = Release|Any CPU
		{CE56D7D8-2F46-473D-BF56-2552EFD4D863}.AppStore|iPhone.ActiveCfg = Release|Any CPU
		{CE56D7D8-2F46-473D-BF56-2552EFD4D863}.AppStore|iPhone.Build.0 = Release|Any CPU
		{CE56D7D8-2F46-473D-BF56-2552EFD4D863}.AppStore|iPhoneSimulator.ActiveCfg = Release|Any CPU
		{CE56D7D8-2F46-473D-BF56-2552EFD4D863}.AppStore|iPhoneSimulator.Build.0 = Release|Any CPU
		{CE56D7D8-2F46-473D-BF56-2552EFD4D863}.AppStore|x64.ActiveCfg = Release|Any CPU
		{CE56D7D8-2F46-473D-BF56-2552EFD4D863}.AppStore|x64.Build.0 = Release|Any CPU
		{CE56D7D8-2F46-473D-BF56-2552EFD4D863}.AppStore|x86.ActiveCfg = Release|Any CPU
		{CE56D7D8-2F46-473D-BF56-2552EFD4D863}.AppStore|x86.Build.0 = Release|Any CPU
		{CE56D7D8-2F46-473D-BF56-2552EFD4D863}.Debug|Any CPU.ActiveCfg = Debug|Any CPU
		{CE56D7D8-2F46-473D-BF56-2552EFD4D863}.Debug|Any CPU.Build.0 = Debug|Any CPU
		{CE56D7D8-2F46-473D-BF56-2552EFD4D863}.Debug|ARM.ActiveCfg = Debug|Any CPU
		{CE56D7D8-2F46-473D-BF56-2552EFD4D863}.Debug|ARM.Build.0 = Debug|Any CPU
		{CE56D7D8-2F46-473D-BF56-2552EFD4D863}.Debug|iPhone.ActiveCfg = Debug|Any CPU
		{CE56D7D8-2F46-473D-BF56-2552EFD4D863}.Debug|iPhone.Build.0 = Debug|Any CPU
		{CE56D7D8-2F46-473D-BF56-2552EFD4D863}.Debug|iPhoneSimulator.ActiveCfg = Debug|Any CPU
		{CE56D7D8-2F46-473D-BF56-2552EFD4D863}.Debug|iPhoneSimulator.Build.0 = Debug|Any CPU
		{CE56D7D8-2F46-473D-BF56-2552EFD4D863}.Debug|x64.ActiveCfg = Debug|Any CPU
		{CE56D7D8-2F46-473D-BF56-2552EFD4D863}.Debug|x64.Build.0 = Debug|Any CPU
		{CE56D7D8-2F46-473D-BF56-2552EFD4D863}.Debug|x86.ActiveCfg = Debug|Any CPU
		{CE56D7D8-2F46-473D-BF56-2552EFD4D863}.Debug|x86.Build.0 = Debug|Any CPU
		{CE56D7D8-2F46-473D-BF56-2552EFD4D863}.Release|Any CPU.ActiveCfg = Release|Any CPU
		{CE56D7D8-2F46-473D-BF56-2552EFD4D863}.Release|Any CPU.Build.0 = Release|Any CPU
		{CE56D7D8-2F46-473D-BF56-2552EFD4D863}.Release|ARM.ActiveCfg = Release|Any CPU
		{CE56D7D8-2F46-473D-BF56-2552EFD4D863}.Release|ARM.Build.0 = Release|Any CPU
		{CE56D7D8-2F46-473D-BF56-2552EFD4D863}.Release|iPhone.ActiveCfg = Release|Any CPU
		{CE56D7D8-2F46-473D-BF56-2552EFD4D863}.Release|iPhone.Build.0 = Release|Any CPU
		{CE56D7D8-2F46-473D-BF56-2552EFD4D863}.Release|iPhoneSimulator.ActiveCfg = Release|Any CPU
		{CE56D7D8-2F46-473D-BF56-2552EFD4D863}.Release|iPhoneSimulator.Build.0 = Release|Any CPU
		{CE56D7D8-2F46-473D-BF56-2552EFD4D863}.Release|x64.ActiveCfg = Release|Any CPU
		{CE56D7D8-2F46-473D-BF56-2552EFD4D863}.Release|x64.Build.0 = Release|Any CPU
		{CE56D7D8-2F46-473D-BF56-2552EFD4D863}.Release|x86.ActiveCfg = Release|Any CPU
		{CE56D7D8-2F46-473D-BF56-2552EFD4D863}.Release|x86.Build.0 = Release|Any CPU
	EndGlobalSection
	GlobalSection(SolutionProperties) = preSolution
		HideSolutionNode = FALSE
	EndGlobalSection
EndGlobal
